<?xml version="1.0" encoding="UTF-8"?>
<Scheme
   LastUpgradeVersion = "1500"
   version = "1.8">
   <BuildAction
      parallelizeBuildables = "YES"
      buildImplicitDependencies = "YES">
      <PreActions>
         <ExecutionAction
            ActionType = "Xcode.IDEStandardExecutionActionsCore.ExecutionActionType.ShellScriptAction">
            <ActionContent
               title = "Patch AppAuth for main thread"
               scriptText = "set -e&#10;CHECKOUTS_ROOT=&quot;$(dirname &quot;$(dirname &quot;$(dirname &quot;$BUILD_DIR&quot;)&quot;)&quot;)/SourcePackages/checkouts&quot;&#10;APPAUTH_FILE=&quot;${CHECKOUTS_ROOT}/AppAuth-iOS/Sources/AppAuth/iOS/OIDExternalUserAgentIOS.m&quot;&#10;if [ -z &quot;$BUILD_DIR&quot; ]; then exit 0; fi&#10;if [ ! -f &quot;$APPAUTH_FILE&quot; ]; then exit 0; fi&#10;if grep -q &quot;NSThread isMainThread&quot; &quot;$APPAUTH_FILE&quot;; then exit 0; fi&#10;perl -i -0pe &apos;s/return _presentingViewController\.view\.window;/__block ASPresentationAnchor anchor = nil;\n  if ([NSThread isMainThread]) {\n    anchor = _presentingViewController.view.window;\n  } else {\n    dispatch_sync(dispatch_get_main_queue(), ^{\n      anchor = _presentingViewController.view.window;\n    });\n  }\n  return anchor;/s&apos; &quot;$APPAUTH_FILE&quot;&#10;"
               shellToUse = "/bin/sh">
               <EnvironmentBuildable
                  BuildableIdentifier = "primary"
                  BlueprintIdentifier = "A40000000000000000000001"
                  BuildableName = "SuperBowlBox.app"
                  BlueprintName = "SuperBowlBox"
                  ReferencedContainer = "container:SuperBowlBox.xcodeproj">
               </EnvironmentBuildable>
            </ActionContent>
         </ExecutionAction>
      </PreActions>
      <BuildActionEntries>
         <BuildActionEntry
            buildForTesting = "YES"
            buildForRunning = "YES"
            buildForProfiling = "YES"
            buildForArchiving = "YES"
            buildForAnalyzing = "YES">
            <BuildableReference
               BuildableIdentifier = "primary"
               BlueprintIdentifier = "A40000000000000000000001"
               BuildableName = "SuperBowlBox.app"
               BlueprintName = "SuperBowlBox"
               ReferencedContainer = "container:SuperBowlBox.xcodeproj">
            </BuildableReference>
         </BuildActionEntry>
      </BuildActionEntries>
   </BuildAction>
   <TestAction
      buildConfiguration = "Debug"
      selectedDebuggerIdentifier = "Xcode.DebuggerFoundation.Debugger.LLDB"
      selectedLauncherIdentifier = "Xcode.DebuggerFoundation.Launcher.LLDB"
      shouldUseLaunchSchemeArgsEnv = "NO"
      shouldAutocreateTestPlan = "YES">
   </TestAction>
   <LaunchAction
      buildConfiguration = "Debug"
      selectedDebuggerIdentifier = "Xcode.DebuggerFoundation.Debugger.LLDB"
      selectedLauncherIdentifier = "Xcode.DebuggerFoundation.Launcher.LLDB"
      launchStyle = "0"
      useCustomWorkingDirectory = "NO"
      ignoresPersistentStateOnLaunch = "NO"
      debugDocumentVersioning = "YES"
      debugServiceExtension = "internal"
      allowLocationSimulation = "YES">
      <BuildableProductRunnable
         runnableDebuggingMode = "0">
         <BuildableReference
            BuildableIdentifier = "primary"
            BlueprintIdentifier = "A40000000000000000000001"
            BuildableName = "SuperBowlBox.app"
            BlueprintName = "SuperBowlBox"
            ReferencedContainer = "container:SuperBowlBox.xcodeproj">
         </BuildableReference>
      </BuildableProductRunnable>
   </LaunchAction>
   <ProfileAction
      buildConfiguration = "Release"
      shouldUseLaunchSchemeArgsEnv = "YES"
      savedToolIdentifier = ""
      useCustomWorkingDirectory = "NO"
      debugDocumentVersioning = "YES">
      <BuildableProductRunnable
         runnableDebuggingMode = "0">
         <BuildableReference
            BuildableIdentifier = "primary"
            BlueprintIdentifier = "A40000000000000000000001"
            BuildableName = "SuperBowlBox.app"
            BlueprintName = "SuperBowlBox"
            ReferencedContainer = "container:SuperBowlBox.xcodeproj">
         </BuildableReference>
      </BuildableProductRunnable>
   </ProfileAction>
   <AnalyzeAction
      buildConfiguration = "Debug">
   </AnalyzeAction>
   <ArchiveAction
      buildConfiguration = "Release"
      revealArchiveInOrganizer = "YES">
   </ArchiveAction>
</Scheme>
