// !$*UTF8*$!
{
	archiveVersion = 1;
	classes = {
	};
	objectVersion = 56;
	objects = {

/* Begin PBXBuildFile section */
		A11111110000000000000001 /* SuperBowlBoxApp.swift in Sources */ = {isa = PBXBuildFile; fileRef = A00000000000000000000001 /* SuperBowlBoxApp.swift */; };
		A11111110000000000000002 /* ContentView.swift in Sources */ = {isa = PBXBuildFile; fileRef = A00000000000000000000002 /* ContentView.swift */; };
		A11111110000000000000003 /* Assets.xcassets in Resources */ = {isa = PBXBuildFile; fileRef = A00000000000000000000003 /* Assets.xcassets */; };
		A11111110000000000000004 /* BoxGrid.swift in Sources */ = {isa = PBXBuildFile; fileRef = A00000000000000000000004 /* BoxGrid.swift */; };
		A11111110000000000000005 /* BoxSquare.swift in Sources */ = {isa = PBXBuildFile; fileRef = A00000000000000000000005 /* BoxSquare.swift */; };
		A11111110000000000000006 /* GameScore.swift in Sources */ = {isa = PBXBuildFile; fileRef = A00000000000000000000006 /* GameScore.swift */; };
		A11111110000000000000007 /* Team.swift in Sources */ = {isa = PBXBuildFile; fileRef = A00000000000000000000007 /* Team.swift */; };
		A11111110000000000000008 /* GridView.swift in Sources */ = {isa = PBXBuildFile; fileRef = A00000000000000000000008 /* GridView.swift */; };
		A11111110000000000000009 /* ScannerView.swift in Sources */ = {isa = PBXBuildFile; fileRef = A00000000000000000000009 /* ScannerView.swift */; };
		A1111111000000000000000A /* SquareDetailView.swift in Sources */ = {isa = PBXBuildFile; fileRef = A0000000000000000000000A /* SquareDetailView.swift */; };
		A1111111000000000000000B /* VisionService.swift in Sources */ = {isa = PBXBuildFile; fileRef = A0000000000000000000000B /* VisionService.swift */; };
		A1111111000000000000000C /* NFLScoreService.swift in Sources */ = {isa = PBXBuildFile; fileRef = A0000000000000000000000C /* NFLScoreService.swift */; };
		A1111111000000000000000D /* GridViewModel.swift in Sources */ = {isa = PBXBuildFile; fileRef = A0000000000000000000000D /* GridViewModel.swift */; };
		A1111111000000000000000E /* CameraViewController.swift in Sources */ = {isa = PBXBuildFile; fileRef = A0000000000000000000000E /* CameraViewController.swift */; };
		A1111111000000000000000F /* ScoreOverlayView.swift in Sources */ = {isa = PBXBuildFile; fileRef = A0000000000000000000000F /* ScoreOverlayView.swift */; };
		A11111110000000000000010 /* SettingsView.swift in Sources */ = {isa = PBXBuildFile; fileRef = A00000000000000000000010 /* SettingsView.swift */; };
		A11111110000000000000011 /* ManualEntryView.swift in Sources */ = {isa = PBXBuildFile; fileRef = A00000000000000000000011 /* ManualEntryView.swift */; };
		A11111110000000000000012 /* PoolsListView.swift in Sources */ = {isa = PBXBuildFile; fileRef = A00000000000000000000013 /* PoolsListView.swift */; };
		A11111110000000000000013 /* MySquaresView.swift in Sources */ = {isa = PBXBuildFile; fileRef = A00000000000000000000014 /* MySquaresView.swift */; };
		A11111110000000000000014 /* PoolStructure.swift in Sources */ = {isa = PBXBuildFile; fileRef = A00000000000000000000015 /* PoolStructure.swift */; };
		A11111110000000000000015 /* InstructionsView.swift in Sources */ = {isa = PBXBuildFile; fileRef = A00000000000000000000016 /* InstructionsView.swift */; };
		A11111110000000000000016 /* AuthService.swift in Sources */ = {isa = PBXBuildFile; fileRef = A00000000000000000000017 /* AuthService.swift */; };
		A11111110000000000000017 /* SignInWithAppleButton.swift in Sources */ = {isa = PBXBuildFile; fileRef = A00000000000000000000018 /* SignInWithAppleButton.swift */; };
		A11111110000000000000018 /* HapticService.swift in Sources */ = {isa = PBXBuildFile; fileRef = A00000000000000000000019 /* HapticService.swift */; };
		A11111110000000000000019 /* NotificationService.swift in Sources */ = {isa = PBXBuildFile; fileRef = A0000000000000000000001A /* NotificationService.swift */; };
		A1111111000000000000001A /* ListableGame.swift in Sources */ = {isa = PBXBuildFile; fileRef = A0000000000000000000001B /* ListableGame.swift */; };
		A1111111000000000000001B /* GamesService.swift in Sources */ = {isa = PBXBuildFile; fileRef = A0000000000000000000001C /* GamesService.swift */; };
		A1111111000000000000001C /* CreateFromGameView.swift in Sources */ = {isa = PBXBuildFile; fileRef = A0000000000000000000001D /* CreateFromGameView.swift */; };
		A1111111000000000000001D /* SportsDataIOConfig.swift in Sources */ = {isa = PBXBuildFile; fileRef = A0000000000000000000001E /* SportsDataIOConfig.swift */; };
		A1111111000000000000001E /* SportsDataIOService.swift in Sources */ = {isa = PBXBuildFile; fileRef = A0000000000000000000001F /* SportsDataIOService.swift */; };
		A11111110000000000000020 /* GameContextService.swift in Sources */ = {isa = PBXBuildFile; fileRef = A00000000000000000000020 /* GameContextService.swift */; };
		A11111110000000000000021 /* Secrets.plist in Resources */ = {isa = PBXBuildFile; fileRef = A00000000000000000000021 /* Secrets.plist */; };
		A11111110000000000000022 /* LoginDatabaseConfig.swift in Sources */ = {isa = PBXBuildFile; fileRef = A00000000000000000000023 /* LoginDatabaseConfig.swift */; };
		A11111110000000000000023 /* LoginDatabaseService.swift in Sources */ = {isa = PBXBuildFile; fileRef = A00000000000000000000024 /* LoginDatabaseService.swift */; };
		A11111110000000000000024 /* GoogleSignInButton.swift in Sources */ = {isa = PBXBuildFile; fileRef = A00000000000000000000025 /* GoogleSignInButton.swift */; };
		A11111110000000000000025 /* DesignSystem.swift in Sources */ = {isa = PBXBuildFile; fileRef = A00000000000000000000026 /* DesignSystem.swift */; };
		A11111110000000000000026 /* OnTheHuntItem.swift in Sources */ = {isa = PBXBuildFile; fileRef = A00000000000000000000027 /* OnTheHuntItem.swift */; };
		A11111110000000000000027 /* SharedPoolsConfig.swift in Sources */ = {isa = PBXBuildFile; fileRef = A00000000000000000000028 /* SharedPoolsConfig.swift */; };
		A11111110000000000000028 /* SharedPoolsService.swift in Sources */ = {isa = PBXBuildFile; fileRef = A00000000000000000000029 /* SharedPoolsService.swift */; };
		A1111111000000000000002A /* EnterMyNumbersView.swift in Sources */ = {isa = PBXBuildFile; fileRef = A0000000000000000000002A /* EnterMyNumbersView.swift */; };
		A1111111000000000000002B /* TextractConfig.swift in Sources */ = {isa = PBXBuildFile; fileRef = A0000000000000000000002B /* TextractConfig.swift */; };
		A1111111000000000000002C /* TextractBackendService.swift in Sources */ = {isa = PBXBuildFile; fileRef = A0000000000000000000002C /* TextractBackendService.swift */; };
		A1111111000000000000002D /* AIGridConfig.swift in Sources */ = {isa = PBXBuildFile; fileRef = A0000000000000000000002D /* AIGridConfig.swift */; };
		A1111111000000000000002E /* AIGridBackendService.swift in Sources */ = {isa = PBXBuildFile; fileRef = A0000000000000000000002E /* AIGridBackendService.swift */; };
		A1111111000000000000002F /* PayoutParseConfig.swift in Sources */ = {isa = PBXBuildFile; fileRef = A0000000000000000000002F /* PayoutParseConfig.swift */; };
		A11111110000000000000030 /* PayoutParseService.swift in Sources */ = {isa = PBXBuildFile; fileRef = A00000000000000000000030 /* PayoutParseService.swift */; };
		A11111110000000000000031 /* PayoutVoiceService.swift in Sources */ = {isa = PBXBuildFile; fileRef = A00000000000000000000031 /* PayoutVoiceService.swift */; };
		A11111110000000000000032 /* LogoImageView.swift in Sources */ = {isa = PBXBuildFile; fileRef = A00000000000000000000032 /* LogoImageView.swift */; };
		CECC4FC82F33D68F004AAD0D /* GoogleSignIn in Frameworks */ = {isa = PBXBuildFile; productRef = CECC4FC72F33D68F004AAD0D /* GoogleSignIn */; };
		CECC4FCA2F33D68F004AAD0D /* GoogleSignInSwift in Frameworks */ = {isa = PBXBuildFile; productRef = CECC4FC92F33D68F004AAD0D /* GoogleSignInSwift */; };
		CEF1BF382F362B0D00DCB420 /* AWSTextract in Frameworks */ = {isa = PBXBuildFile; productRef = CEF1BF372F362B0D00DCB420 /* AWSTextract */; };
/* End PBXBuildFile section */

/* Begin PBXFileReference section */
		A00000000000000000000000 /* SuperBowlBox.app */ = {isa = PBXFileReference; explicitFileType = wrapper.application; includeInIndex = 0; path = SuperBowlBox.app; sourceTree = BUILT_PRODUCTS_DIR; };
		A00000000000000000000001 /* SuperBowlBoxApp.swift */ = {isa = PBXFileReference; lastKnownFileType = sourcecode.swift; path = SuperBowlBoxApp.swift; sourceTree = "<group>"; };
		A00000000000000000000002 /* ContentView.swift */ = {isa = PBXFileReference; lastKnownFileType = sourcecode.swift; path = ContentView.swift; sourceTree = "<group>"; };
		A00000000000000000000003 /* Assets.xcassets */ = {isa = PBXFileReference; lastKnownFileType = folder.assetcatalog; path = Assets.xcassets; sourceTree = "<group>"; };
		A00000000000000000000004 /* BoxGrid.swift */ = {isa = PBXFileReference; lastKnownFileType = sourcecode.swift; path = BoxGrid.swift; sourceTree = "<group>"; };
		A00000000000000000000005 /* BoxSquare.swift */ = {isa = PBXFileReference; lastKnownFileType = sourcecode.swift; path = BoxSquare.swift; sourceTree = "<group>"; };
		A00000000000000000000006 /* GameScore.swift */ = {isa = PBXFileReference; lastKnownFileType = sourcecode.swift; path = GameScore.swift; sourceTree = "<group>"; };
		A00000000000000000000007 /* Team.swift */ = {isa = PBXFileReference; lastKnownFileType = sourcecode.swift; path = Team.swift; sourceTree = "<group>"; };
		A00000000000000000000008 /* GridView.swift */ = {isa = PBXFileReference; lastKnownFileType = sourcecode.swift; path = GridView.swift; sourceTree = "<group>"; };
		A00000000000000000000009 /* ScannerView.swift */ = {isa = PBXFileReference; lastKnownFileType = sourcecode.swift; path = ScannerView.swift; sourceTree = "<group>"; };
		A0000000000000000000000A /* SquareDetailView.swift */ = {isa = PBXFileReference; lastKnownFileType = sourcecode.swift; path = SquareDetailView.swift; sourceTree = "<group>"; };
		A0000000000000000000000B /* VisionService.swift */ = {isa = PBXFileReference; lastKnownFileType = sourcecode.swift; path = VisionService.swift; sourceTree = "<group>"; };
		A0000000000000000000000C /* NFLScoreService.swift */ = {isa = PBXFileReference; lastKnownFileType = sourcecode.swift; path = NFLScoreService.swift; sourceTree = "<group>"; };
		A0000000000000000000000D /* GridViewModel.swift */ = {isa = PBXFileReference; lastKnownFileType = sourcecode.swift; path = GridViewModel.swift; sourceTree = "<group>"; };
		A0000000000000000000000E /* CameraViewController.swift */ = {isa = PBXFileReference; lastKnownFileType = sourcecode.swift; path = CameraViewController.swift; sourceTree = "<group>"; };
		A0000000000000000000000F /* ScoreOverlayView.swift */ = {isa = PBXFileReference; lastKnownFileType = sourcecode.swift; path = ScoreOverlayView.swift; sourceTree = "<group>"; };
		A00000000000000000000010 /* SettingsView.swift */ = {isa = PBXFileReference; lastKnownFileType = sourcecode.swift; path = SettingsView.swift; sourceTree = "<group>"; };
		A00000000000000000000011 /* ManualEntryView.swift */ = {isa = PBXFileReference; lastKnownFileType = sourcecode.swift; path = ManualEntryView.swift; sourceTree = "<group>"; };
		A00000000000000000000012 /* Info.plist */ = {isa = PBXFileReference; lastKnownFileType = text.plist.xml; path = Info.plist; sourceTree = "<group>"; };
		A00000000000000000000013 /* PoolsListView.swift */ = {isa = PBXFileReference; lastKnownFileType = sourcecode.swift; path = PoolsListView.swift; sourceTree = "<group>"; };
		A00000000000000000000014 /* MySquaresView.swift */ = {isa = PBXFileReference; lastKnownFileType = sourcecode.swift; path = MySquaresView.swift; sourceTree = "<group>"; };
		A00000000000000000000015 /* PoolStructure.swift */ = {isa = PBXFileReference; lastKnownFileType = sourcecode.swift; path = PoolStructure.swift; sourceTree = "<group>"; };
		A00000000000000000000016 /* InstructionsView.swift */ = {isa = PBXFileReference; lastKnownFileType = sourcecode.swift; path = InstructionsView.swift; sourceTree = "<group>"; };
		A00000000000000000000017 /* AuthService.swift */ = {isa = PBXFileReference; lastKnownFileType = sourcecode.swift; path = AuthService.swift; sourceTree = "<group>"; };
		A00000000000000000000018 /* SignInWithAppleButton.swift */ = {isa = PBXFileReference; lastKnownFileType = sourcecode.swift; path = SignInWithAppleButton.swift; sourceTree = "<group>"; };
		A00000000000000000000019 /* HapticService.swift */ = {isa = PBXFileReference; lastKnownFileType = sourcecode.swift; path = HapticService.swift; sourceTree = "<group>"; };
		A0000000000000000000001A /* NotificationService.swift */ = {isa = PBXFileReference; lastKnownFileType = sourcecode.swift; path = NotificationService.swift; sourceTree = "<group>"; };
		A0000000000000000000001B /* ListableGame.swift */ = {isa = PBXFileReference; lastKnownFileType = sourcecode.swift; path = ListableGame.swift; sourceTree = "<group>"; };
		A0000000000000000000001C /* GamesService.swift */ = {isa = PBXFileReference; lastKnownFileType = sourcecode.swift; path = GamesService.swift; sourceTree = "<group>"; };
		A0000000000000000000001D /* CreateFromGameView.swift */ = {isa = PBXFileReference; lastKnownFileType = sourcecode.swift; path = CreateFromGameView.swift; sourceTree = "<group>"; };
		A0000000000000000000001E /* SportsDataIOConfig.swift */ = {isa = PBXFileReference; lastKnownFileType = sourcecode.swift; path = SportsDataIOConfig.swift; sourceTree = "<group>"; };
		A0000000000000000000001F /* SportsDataIOService.swift */ = {isa = PBXFileReference; lastKnownFileType = sourcecode.swift; path = SportsDataIOService.swift; sourceTree = "<group>"; };
		A00000000000000000000020 /* GameContextService.swift */ = {isa = PBXFileReference; lastKnownFileType = sourcecode.swift; path = GameContextService.swift; sourceTree = "<group>"; };
		A00000000000000000000021 /* Secrets.plist */ = {isa = PBXFileReference; lastKnownFileType = text.plist.xml; path = Secrets.plist; sourceTree = "<group>"; };
		A00000000000000000000022 /* Secrets.example.plist */ = {isa = PBXFileReference; lastKnownFileType = text.plist.xml; path = Secrets.example.plist; sourceTree = "<group>"; };
		A00000000000000000000023 /* LoginDatabaseConfig.swift */ = {isa = PBXFileReference; lastKnownFileType = sourcecode.swift; path = LoginDatabaseConfig.swift; sourceTree = "<group>"; };
		A00000000000000000000024 /* LoginDatabaseService.swift */ = {isa = PBXFileReference; lastKnownFileType = sourcecode.swift; path = LoginDatabaseService.swift; sourceTree = "<group>"; };
		A00000000000000000000025 /* GoogleSignInButton.swift */ = {isa = PBXFileReference; lastKnownFileType = sourcecode.swift; path = GoogleSignInButton.swift; sourceTree = "<group>"; };
		A00000000000000000000026 /* DesignSystem.swift */ = {isa = PBXFileReference; lastKnownFileType = sourcecode.swift; path = DesignSystem.swift; sourceTree = "<group>"; };
		A00000000000000000000027 /* OnTheHuntItem.swift */ = {isa = PBXFileReference; lastKnownFileType = sourcecode.swift; path = OnTheHuntItem.swift; sourceTree = "<group>"; };
		A00000000000000000000028 /* SharedPoolsConfig.swift */ = {isa = PBXFileReference; lastKnownFileType = sourcecode.swift; path = SharedPoolsConfig.swift; sourceTree = "<group>"; };
		A00000000000000000000029 /* SharedPoolsService.swift */ = {isa = PBXFileReference; lastKnownFileType = sourcecode.swift; path = SharedPoolsService.swift; sourceTree = "<group>"; };
		A0000000000000000000002A /* EnterMyNumbersView.swift */ = {isa = PBXFileReference; lastKnownFileType = sourcecode.swift; path = EnterMyNumbersView.swift; sourceTree = "<group>"; };
		A00000000000000000000032 /* LogoImageView.swift */ = {isa = PBXFileReference; lastKnownFileType = sourcecode.swift; path = LogoImageView.swift; sourceTree = "<group>"; };
		A0000000000000000000002B /* TextractConfig.swift */ = {isa = PBXFileReference; lastKnownFileType = sourcecode.swift; path = TextractConfig.swift; sourceTree = "<group>"; };
		A0000000000000000000002C /* TextractBackendService.swift */ = {isa = PBXFileReference; lastKnownFileType = sourcecode.swift; path = TextractBackendService.swift; sourceTree = "<group>"; };
		A0000000000000000000002D /* AIGridConfig.swift */ = {isa = PBXFileReference; lastKnownFileType = sourcecode.swift; path = AIGridConfig.swift; sourceTree = "<group>"; };
		A0000000000000000000002E /* AIGridBackendService.swift */ = {isa = PBXFileReference; lastKnownFileType = sourcecode.swift; path = AIGridBackendService.swift; sourceTree = "<group>"; };
		A0000000000000000000002F /* PayoutParseConfig.swift */ = {isa = PBXFileReference; lastKnownFileType = sourcecode.swift; path = PayoutParseConfig.swift; sourceTree = "<group>"; };
		A00000000000000000000030 /* PayoutParseService.swift */ = {isa = PBXFileReference; lastKnownFileType = sourcecode.swift; path = PayoutParseService.swift; sourceTree = "<group>"; };
		A00000000000000000000031 /* PayoutVoiceService.swift */ = {isa = PBXFileReference; lastKnownFileType = sourcecode.swift; path = PayoutVoiceService.swift; sourceTree = "<group>"; };
/* End PBXFileReference section */

/* Begin PBXFrameworksBuildPhase section */
		A20000000000000000000001 /* Frameworks */ = {
			isa = PBXFrameworksBuildPhase;
			buildActionMask = 2147483647;
			files = (
				CECC4FC82F33D68F004AAD0D /* GoogleSignIn in Frameworks */,
				CECC4FCA2F33D68F004AAD0D /* GoogleSignInSwift in Frameworks */,
				CEF1BF382F362B0D00DCB420 /* AWSTextract in Frameworks */,
			);
			runOnlyForDeploymentPostprocessing = 0;
		};
/* End PBXFrameworksBuildPhase section */

/* Begin PBXGroup section */
		A30000000000000000000000 = {
			isa = PBXGroup;
			children = (
				A30000000000000000000001 /* SuperBowlBox */,
				A30000000000000000000002 /* Products */,
			);
			sourceTree = "<group>";
		};
		A30000000000000000000001 /* SuperBowlBox */ = {
			isa = PBXGroup;
			children = (
				A00000000000000000000001 /* SuperBowlBoxApp.swift */,
				A00000000000000000000026 /* DesignSystem.swift */,
				A00000000000000000000002 /* ContentView.swift */,
				A30000000000000000000003 /* Models */,
				A30000000000000000000004 /* Views */,
				A30000000000000000000005 /* ViewModels */,
				A30000000000000000000006 /* Services */,
				A30000000000000000000007 /* Resources */,
				A00000000000000000000012 /* Info.plist */,
			);
			path = SuperBowlBox;
			sourceTree = "<group>";
		};
		A30000000000000000000002 /* Products */ = {
			isa = PBXGroup;
			children = (
				A00000000000000000000000 /* SuperBowlBox.app */,
			);
			name = Products;
			sourceTree = "<group>";
		};
		A30000000000000000000003 /* Models */ = {
			isa = PBXGroup;
			children = (
				A00000000000000000000004 /* BoxGrid.swift */,
				A00000000000000000000005 /* BoxSquare.swift */,
				A00000000000000000000006 /* GameScore.swift */,
				A00000000000000000000007 /* Team.swift */,
				A00000000000000000000015 /* PoolStructure.swift */,
				A0000000000000000000001B /* ListableGame.swift */,
				A00000000000000000000027 /* OnTheHuntItem.swift */,
			);
			path = Models;
			sourceTree = "<group>";
		};
		A30000000000000000000004 /* Views */ = {
			isa = PBXGroup;
			children = (
				A00000000000000000000010 /* SettingsView.swift */,
				A00000000000000000000008 /* GridView.swift */,
				A00000000000000000000009 /* ScannerView.swift */,
				A0000000000000000000000A /* SquareDetailView.swift */,
				A0000000000000000000000E /* CameraViewController.swift */,
				A0000000000000000000000F /* ScoreOverlayView.swift */,
				A00000000000000000000011 /* ManualEntryView.swift */,
				A00000000000000000000013 /* PoolsListView.swift */,
				A00000000000000000000014 /* MySquaresView.swift */,
				A00000000000000000000016 /* InstructionsView.swift */,
				A00000000000000000000018 /* SignInWithAppleButton.swift */,
				A00000000000000000000025 /* GoogleSignInButton.swift */,
				A0000000000000000000001D /* CreateFromGameView.swift */,
				A0000000000000000000002A /* EnterMyNumbersView.swift */,
				A00000000000000000000032 /* LogoImageView.swift */,
			);
			path = Views;
			sourceTree = "<group>";
		};
		A30000000000000000000005 /* ViewModels */ = {
			isa = PBXGroup;
			children = (
				A0000000000000000000000D /* GridViewModel.swift */,
			);
			path = ViewModels;
			sourceTree = "<group>";
		};
		A30000000000000000000006 /* Services */ = {
			isa = PBXGroup;
			children = (
				A0000000000000000000000B /* VisionService.swift */,
				A0000000000000000000000C /* NFLScoreService.swift */,
				A00000000000000000000017 /* AuthService.swift */,
				A00000000000000000000019 /* HapticService.swift */,
				A0000000000000000000001A /* NotificationService.swift */,
				A0000000000000000000001C /* GamesService.swift */,
				A0000000000000000000001E /* SportsDataIOConfig.swift */,
				A0000000000000000000001F /* SportsDataIOService.swift */,
				A00000000000000000000020 /* GameContextService.swift */,
				A00000000000000000000023 /* LoginDatabaseConfig.swift */,
				A00000000000000000000024 /* LoginDatabaseService.swift */,
				A00000000000000000000028 /* SharedPoolsConfig.swift */,
				A00000000000000000000029 /* SharedPoolsService.swift */,
				A0000000000000000000002B /* TextractConfig.swift */,
				A0000000000000000000002C /* TextractBackendService.swift */,
				A0000000000000000000002D /* AIGridConfig.swift */,
				A0000000000000000000002E /* AIGridBackendService.swift */,
				A0000000000000000000002F /* PayoutParseConfig.swift */,
				A00000000000000000000030 /* PayoutParseService.swift */,
				A00000000000000000000031 /* PayoutVoiceService.swift */,
			);
			path = Services;
			sourceTree = "<group>";
		};
		A30000000000000000000007 /* Resources */ = {
			isa = PBXGroup;
			children = (
				A00000000000000000000003 /* Assets.xcassets */,
				A00000000000000000000021 /* Secrets.plist */,
				A00000000000000000000022 /* Secrets.example.plist */,
			);
			path = Resources;
			sourceTree = "<group>";
		};
/* End PBXGroup section */

/* Begin PBXNativeTarget section */
		A40000000000000000000001 /* SuperBowlBox */ = {
			isa = PBXNativeTarget;
			buildConfigurationList = A50000000000000000000001 /* Build configuration list for PBXNativeTarget "SuperBowlBox" */;
			buildPhases = (
				A40000000000000000000004 /* Patch AppAuth main thread */,
				A40000000000000000000002 /* Sources */,
				A20000000000000000000001 /* Frameworks */,
				A40000000000000000000003 /* Resources */,
			);
			buildRules = (
			);
			dependencies = (
			);
			name = SuperBowlBox;
			productName = SuperBowlBox;
			productReference = A00000000000000000000000 /* SuperBowlBox.app */;
			productType = "com.apple.product-type.application";
		};
/* End PBXNativeTarget section */

/* Begin PBXProject section */
		A60000000000000000000001 /* Project object */ = {
			isa = PBXProject;
			attributes = {
				BuildIndependentTargetsInParallel = 1;
				LastSwiftUpdateCheck = 1500;
				LastUpgradeCheck = 2620;
				TargetAttributes = {
					A40000000000000000000001 = {
						CreatedOnToolsVersion = 15.0;
					};
				};
			};
			buildConfigurationList = A50000000000000000000002 /* Build configuration list for PBXProject "SuperBowlBox" */;
			compatibilityVersion = "Xcode 14.0";
			developmentRegion = en;
			hasScannedForEncodings = 0;
			knownRegions = (
				en,
				Base,
			);
			mainGroup = A30000000000000000000000;
			packageReferences = (
				CECC4FC62F33D68F004AAD0D /* XCRemoteSwiftPackageReference "GoogleSignIn-iOS" */,
				CEF1BF362F362B0D00DCB420 /* XCRemoteSwiftPackageReference "aws-sdk-swift" */,
			);
			productRefGroup = A30000000000000000000002 /* Products */;
			projectDirPath = "";
			projectRoot = "";
			targets = (
				A40000000000000000000001 /* SuperBowlBox */,
			);
		};
/* End PBXProject section */

/* Begin PBXResourcesBuildPhase section */
		A40000000000000000000003 /* Resources */ = {
			isa = PBXResourcesBuildPhase;
			buildActionMask = 2147483647;
			files = (
				A11111110000000000000003 /* Assets.xcassets in Resources */,
				A11111110000000000000021 /* Secrets.plist in Resources */,
			);
			runOnlyForDeploymentPostprocessing = 0;
		};
/* End PBXResourcesBuildPhase section */

/* Begin PBXShellScriptBuildPhase section */
		A40000000000000000000004 /* Patch AppAuth main thread */ = {
			isa = PBXShellScriptBuildPhase;
			alwaysOutOfDate = 1;
			buildActionMask = 2147483647;
			files = (
			);
			inputFileListPaths = (
			);
			inputPaths = (
			);
			name = "Patch AppAuth main thread";
			outputFileListPaths = (
			);
			outputPaths = (
			);
			runOnlyForDeploymentPostprocessing = 0;
			shellPath = /bin/sh;
			shellScript = "set -e\nCHECKOUTS_ROOT=\"$(dirname \"$(dirname \"$(dirname \"$BUILD_DIR\")\")\")/SourcePackages/checkouts\"\nAPPAUTH_FILE=\"${CHECKOUTS_ROOT}/AppAuth-iOS/Sources/AppAuth/iOS/OIDExternalUserAgentIOS.m\"\nif [ -z \"$BUILD_DIR\" ]; then exit 0; fi\nif [ ! -f \"$APPAUTH_FILE\" ]; then exit 0; fi\nif grep -q \"NSThread isMainThread\" \"$APPAUTH_FILE\"; then exit 0; fi\nperl -i -0pe 's/return _presentingViewController\\.view\\.window;/__block ASPresentationAnchor anchor = nil;\\n  if ([NSThread isMainThread]) {\\n    anchor = _presentingViewController.view.window;\\n  } else {\\n    dispatch_sync(dispatch_get_main_queue(), ^{\\n      anchor = _presentingViewController.view.window;\\n    });\\n  }\\n  return anchor;/s' \"$APPAUTH_FILE\"\n";
		};
/* End PBXShellScriptBuildPhase section */

/* Begin PBXSourcesBuildPhase section */
		A40000000000000000000002 /* Sources */ = {
			isa = PBXSourcesBuildPhase;
			buildActionMask = 2147483647;
			files = (
				A11111110000000000000001 /* SuperBowlBoxApp.swift in Sources */,
				A11111110000000000000002 /* ContentView.swift in Sources */,
				A11111110000000000000004 /* BoxGrid.swift in Sources */,
				A11111110000000000000005 /* BoxSquare.swift in Sources */,
				A11111110000000000000006 /* GameScore.swift in Sources */,
				A11111110000000000000007 /* Team.swift in Sources */,
				A11111110000000000000008 /* GridView.swift in Sources */,
				A11111110000000000000009 /* ScannerView.swift in Sources */,
				A1111111000000000000000A /* SquareDetailView.swift in Sources */,
				A1111111000000000000000B /* VisionService.swift in Sources */,
				A1111111000000000000000C /* NFLScoreService.swift in Sources */,
				A1111111000000000000000D /* GridViewModel.swift in Sources */,
				A1111111000000000000000E /* CameraViewController.swift in Sources */,
				A1111111000000000000000F /* ScoreOverlayView.swift in Sources */,
				A11111110000000000000010 /* SettingsView.swift in Sources */,
				A11111110000000000000011 /* ManualEntryView.swift in Sources */,
				A11111110000000000000012 /* PoolsListView.swift in Sources */,
				A11111110000000000000013 /* MySquaresView.swift in Sources */,
				A11111110000000000000014 /* PoolStructure.swift in Sources */,
				A11111110000000000000015 /* InstructionsView.swift in Sources */,
				A11111110000000000000016 /* AuthService.swift in Sources */,
				A11111110000000000000017 /* SignInWithAppleButton.swift in Sources */,
				A11111110000000000000018 /* HapticService.swift in Sources */,
				A11111110000000000000019 /* NotificationService.swift in Sources */,
				A1111111000000000000001A /* ListableGame.swift in Sources */,
				A1111111000000000000001B /* GamesService.swift in Sources */,
				A1111111000000000000001C /* CreateFromGameView.swift in Sources */,
				A1111111000000000000002A /* EnterMyNumbersView.swift in Sources */,
				A1111111000000000000001D /* SportsDataIOConfig.swift in Sources */,
				A1111111000000000000001E /* SportsDataIOService.swift in Sources */,
				A11111110000000000000020 /* GameContextService.swift in Sources */,
				A11111110000000000000022 /* LoginDatabaseConfig.swift in Sources */,
				A11111110000000000000023 /* LoginDatabaseService.swift in Sources */,
				A11111110000000000000024 /* GoogleSignInButton.swift in Sources */,
				A11111110000000000000025 /* DesignSystem.swift in Sources */,
				A11111110000000000000026 /* OnTheHuntItem.swift in Sources */,
				A11111110000000000000027 /* SharedPoolsConfig.swift in Sources */,
				A11111110000000000000028 /* SharedPoolsService.swift in Sources */,
				A1111111000000000000002B /* TextractConfig.swift in Sources */,
				A1111111000000000000002C /* TextractBackendService.swift in Sources */,
				A1111111000000000000002D /* AIGridConfig.swift in Sources */,
				A1111111000000000000002E /* AIGridBackendService.swift in Sources */,
				A1111111000000000000002F /* PayoutParseConfig.swift in Sources */,
				A11111110000000000000030 /* PayoutParseService.swift in Sources */,
				A11111110000000000000031 /* PayoutVoiceService.swift in Sources */,
				A11111110000000000000032 /* LogoImageView.swift in Sources */,
			);
			runOnlyForDeploymentPostprocessing = 0;
		};
/* End PBXSourcesBuildPhase section */

/* Begin XCBuildConfiguration section */
		A70000000000000000000001 /* Debug */ = {
			isa = XCBuildConfiguration;
			buildSettings = {
				ALWAYS_SEARCH_USER_PATHS = NO;
				ASSETCATALOG_COMPILER_GENERATE_SWIFT_ASSET_SYMBOL_EXTENSIONS = YES;
				CLANG_ANALYZER_NONNULL = YES;
				CLANG_ANALYZER_NUMBER_OBJECT_CONVERSION = YES_AGGRESSIVE;
				CLANG_CXX_LANGUAGE_STANDARD = "gnu++20";
				CLANG_ENABLE_MODULES = YES;
				CLANG_ENABLE_OBJC_ARC = YES;
				CLANG_ENABLE_OBJC_WEAK = YES;
				CLANG_WARN_BLOCK_CAPTURE_AUTORELEASING = YES;
				CLANG_WARN_BOOL_CONVERSION = YES;
				CLANG_WARN_COMMA = YES;
				CLANG_WARN_CONSTANT_CONVERSION = YES;
				CLANG_WARN_DEPRECATED_OBJC_IMPLEMENTATIONS = YES;
				CLANG_WARN_DIRECT_OBJC_ISA_USAGE = YES_ERROR;
				CLANG_WARN_DOCUMENTATION_COMMENTS = YES;
				CLANG_WARN_EMPTY_BODY = YES;
				CLANG_WARN_ENUM_CONVERSION = YES;
				CLANG_WARN_INFINITE_RECURSION = YES;
				CLANG_WARN_INT_CONVERSION = YES;
				CLANG_WARN_NON_LITERAL_NULL_CONVERSION = YES;
				CLANG_WARN_OBJC_IMPLICIT_RETAIN_SELF = YES;
				CLANG_WARN_OBJC_LITERAL_CONVERSION = YES;
				CLANG_WARN_OBJC_ROOT_CLASS = YES_ERROR;
				CLANG_WARN_QUOTED_INCLUDE_IN_FRAMEWORK_HEADER = YES;
				CLANG_WARN_RANGE_LOOP_ANALYSIS = YES;
				CLANG_WARN_STRICT_PROTOTYPES = YES;
				CLANG_WARN_SUSPICIOUS_MOVE = YES;
				CLANG_WARN_UNGUARDED_AVAILABILITY = YES_AGGRESSIVE;
				CLANG_WARN_UNREACHABLE_CODE = YES;
				CLANG_WARN__DUPLICATE_METHOD_MATCH = YES;
				COPY_PHASE_STRIP = NO;
				DEBUG_INFORMATION_FORMAT = dwarf;
				DEVELOPMENT_TEAM = 8U6V3PNEAC;
				ENABLE_STRICT_OBJC_MSGSEND = YES;
				ENABLE_TESTABILITY = YES;
				ENABLE_USER_SCRIPT_SANDBOXING = YES;
				GCC_C_LANGUAGE_STANDARD = gnu17;
				GCC_DYNAMIC_NO_PIC = NO;
				GCC_NO_COMMON_BLOCKS = YES;
				GCC_OPTIMIZATION_LEVEL = 0;
				GCC_PREPROCESSOR_DEFINITIONS = (
					"DEBUG=1",
					"$(inherited)",
				);
				GCC_WARN_64_TO_32_BIT_CONVERSION = YES;
				GCC_WARN_ABOUT_RETURN_TYPE = YES_ERROR;
				GCC_WARN_UNDECLARED_SELECTOR = YES;
				GCC_WARN_UNINITIALIZED_AUTOS = YES_AGGRESSIVE;
				GCC_WARN_UNUSED_FUNCTION = YES;
				GCC_WARN_UNUSED_VARIABLE = YES;
				IPHONEOS_DEPLOYMENT_TARGET = 17.0;
				LOCALIZATION_PREFERS_STRING_CATALOGS = YES;
				MTL_ENABLE_DEBUG_INFO = INCLUDE_SOURCE;
				MTL_FAST_MATH = YES;
				ONLY_ACTIVE_ARCH = YES;
				SDKROOT = iphoneos;
				STRING_CATALOG_GENERATE_SYMBOLS = YES;
				SWIFT_ACTIVE_COMPILATION_CONDITIONS = "DEBUG $(inherited)";
				SWIFT_OPTIMIZATION_LEVEL = "-Onone";
			};
			name = Debug;
		};
		A70000000000000000000002 /* Release */ = {
			isa = XCBuildConfiguration;
			buildSettings = {
				ALWAYS_SEARCH_USER_PATHS = NO;
				ASSETCATALOG_COMPILER_GENERATE_SWIFT_ASSET_SYMBOL_EXTENSIONS = YES;
				CLANG_ANALYZER_NONNULL = YES;
				CLANG_ANALYZER_NUMBER_OBJECT_CONVERSION = YES_AGGRESSIVE;
				CLANG_CXX_LANGUAGE_STANDARD = "gnu++20";
				CLANG_ENABLE_MODULES = YES;
				CLANG_ENABLE_OBJC_ARC = YES;
				CLANG_ENABLE_OBJC_WEAK = YES;
				CLANG_WARN_BLOCK_CAPTURE_AUTORELEASING = YES;
				CLANG_WARN_BOOL_CONVERSION = YES;
				CLANG_WARN_COMMA = YES;
				CLANG_WARN_CONSTANT_CONVERSION = YES;
				CLANG_WARN_DEPRECATED_OBJC_IMPLEMENTATIONS = YES;
				CLANG_WARN_DIRECT_OBJC_ISA_USAGE = YES_ERROR;
				CLANG_WARN_DOCUMENTATION_COMMENTS = YES;
				CLANG_WARN_EMPTY_BODY = YES;
				CLANG_WARN_ENUM_CONVERSION = YES;
				CLANG_WARN_INFINITE_RECURSION = YES;
				CLANG_WARN_INT_CONVERSION = YES;
				CLANG_WARN_NON_LITERAL_NULL_CONVERSION = YES;
				CLANG_WARN_OBJC_IMPLICIT_RETAIN_SELF = YES;
				CLANG_WARN_OBJC_LITERAL_CONVERSION = YES;
				CLANG_WARN_OBJC_ROOT_CLASS = YES_ERROR;
				CLANG_WARN_QUOTED_INCLUDE_IN_FRAMEWORK_HEADER = YES;
				CLANG_WARN_RANGE_LOOP_ANALYSIS = YES;
				CLANG_WARN_STRICT_PROTOTYPES = YES;
				CLANG_WARN_SUSPICIOUS_MOVE = YES;
				CLANG_WARN_UNGUARDED_AVAILABILITY = YES_AGGRESSIVE;
				CLANG_WARN_UNREACHABLE_CODE = YES;
				CLANG_WARN__DUPLICATE_METHOD_MATCH = YES;
				COPY_PHASE_STRIP = NO;
				DEBUG_INFORMATION_FORMAT = "dwarf-with-dsym";
				DEVELOPMENT_TEAM = 8U6V3PNEAC;
				ENABLE_NS_ASSERTIONS = NO;
				ENABLE_STRICT_OBJC_MSGSEND = YES;
				ENABLE_USER_SCRIPT_SANDBOXING = YES;
				GCC_C_LANGUAGE_STANDARD = gnu17;
				GCC_NO_COMMON_BLOCKS = YES;
				GCC_WARN_64_TO_32_BIT_CONVERSION = YES;
				GCC_WARN_ABOUT_RETURN_TYPE = YES_ERROR;
				GCC_WARN_UNDECLARED_SELECTOR = YES;
				GCC_WARN_UNINITIALIZED_AUTOS = YES_AGGRESSIVE;
				GCC_WARN_UNUSED_FUNCTION = YES;
				GCC_WARN_UNUSED_VARIABLE = YES;
				IPHONEOS_DEPLOYMENT_TARGET = 17.0;
				LOCALIZATION_PREFERS_STRING_CATALOGS = YES;
				MTL_ENABLE_DEBUG_INFO = NO;
				MTL_FAST_MATH = YES;
				SDKROOT = iphoneos;
				STRING_CATALOG_GENERATE_SYMBOLS = YES;
				SWIFT_COMPILATION_MODE = wholemodule;
				VALIDATE_PRODUCT = YES;
			};
			name = Release;
		};
		A70000000000000000000003 /* Debug */ = {
			isa = XCBuildConfiguration;
			buildSettings = {
				ASSETCATALOG_COMPILER_APPICON_NAME = AppIcon;
				ASSETCATALOG_COMPILER_GLOBAL_ACCENT_COLOR_NAME = AccentColor;
				CODE_SIGN_ENTITLEMENTS = SuperBowlBox/SuperBowlBox.entitlements;
				CODE_SIGN_STYLE = Automatic;
				CURRENT_PROJECT_VERSION = 1;
				GENERATE_INFOPLIST_FILE = YES;
				INFOPLIST_FILE = SuperBowlBox/Info.plist;
				INFOPLIST_KEY_CFBundleDisplayName = SquareUp;
				INFOPLIST_KEY_NSCameraUsageDescription = "Camera access is needed to scan pool sheets and box grids";
				INFOPLIST_KEY_NSPhotoLibraryUsageDescription = "Photo library access is needed to import pool or bracket sheet images";
				INFOPLIST_KEY_UIApplicationSceneManifest_Generation = YES;
				INFOPLIST_KEY_UIApplicationSupportsIndirectInputEvents = YES;
				INFOPLIST_KEY_UILaunchScreen_Generation = YES;
				INFOPLIST_KEY_UISupportedInterfaceOrientations_iPad = "UIInterfaceOrientationPortrait UIInterfaceOrientationPortraitUpsideDown UIInterfaceOrientationLandscapeLeft UIInterfaceOrientationLandscapeRight";
				INFOPLIST_KEY_UISupportedInterfaceOrientations_iPhone = "UIInterfaceOrientationPortrait UIInterfaceOrientationLandscapeLeft UIInterfaceOrientationLandscapeRight";
				LD_RUNPATH_SEARCH_PATHS = (
					"$(inherited)",
					"@executable_path/Frameworks",
				);
				MARKETING_VERSION = 1.1;
				PRODUCT_BUNDLE_IDENTIFIER = com.superbowlbox.app;
				PRODUCT_NAME = "$(TARGET_NAME)";
				SWIFT_EMIT_LOC_STRINGS = YES;
				SWIFT_VERSION = 5.0;
				TARGETED_DEVICE_FAMILY = "1,2";
			};
			name = Debug;
		};
		A70000000000000000000004 /* Release */ = {
			isa = XCBuildConfiguration;
			buildSettings = {
				ASSETCATALOG_COMPILER_APPICON_NAME = AppIcon;
				ASSETCATALOG_COMPILER_GLOBAL_ACCENT_COLOR_NAME = AccentColor;
				CODE_SIGN_ENTITLEMENTS = SuperBowlBox/SuperBowlBox.entitlements;
				CODE_SIGN_STYLE = Automatic;
				CURRENT_PROJECT_VERSION = 1;
				GENERATE_INFOPLIST_FILE = YES;
				INFOPLIST_FILE = SuperBowlBox/Info.plist;
				INFOPLIST_KEY_CFBundleDisplayName = SquareUp;
				INFOPLIST_KEY_NSCameraUsageDescription = "Camera access is needed to scan pool sheets and box grids";
				INFOPLIST_KEY_NSPhotoLibraryUsageDescription = "Photo library access is needed to import pool or bracket sheet images";
				INFOPLIST_KEY_UIApplicationSceneManifest_Generation = YES;
				INFOPLIST_KEY_UIApplicationSupportsIndirectInputEvents = YES;
				INFOPLIST_KEY_UILaunchScreen_Generation = YES;
				INFOPLIST_KEY_UISupportedInterfaceOrientations_iPad = "UIInterfaceOrientationPortrait UIInterfaceOrientationPortraitUpsideDown UIInterfaceOrientationLandscapeLeft UIInterfaceOrientationLandscapeRight";
				INFOPLIST_KEY_UISupportedInterfaceOrientations_iPhone = "UIInterfaceOrientationPortrait UIInterfaceOrientationLandscapeLeft UIInterfaceOrientationLandscapeRight";
				LD_RUNPATH_SEARCH_PATHS = (
					"$(inherited)",
					"@executable_path/Frameworks",
				);
				MARKETING_VERSION = 1.1;
				PRODUCT_BUNDLE_IDENTIFIER = com.superbowlbox.app;
				PRODUCT_NAME = "$(TARGET_NAME)";
				SWIFT_EMIT_LOC_STRINGS = YES;
				SWIFT_VERSION = 5.0;
				TARGETED_DEVICE_FAMILY = "1,2";
			};
			name = Release;
		};
/* End XCBuildConfiguration section */

/* Begin XCConfigurationList section */
		A50000000000000000000001 /* Build configuration list for PBXNativeTarget "SuperBowlBox" */ = {
			isa = XCConfigurationList;
			buildConfigurations = (
				A70000000000000000000003 /* Debug */,
				A70000000000000000000004 /* Release */,
			);
			defaultConfigurationIsVisible = 0;
			defaultConfigurationName = Release;
		};
		A50000000000000000000002 /* Build configuration list for PBXProject "SuperBowlBox" */ = {
			isa = XCConfigurationList;
			buildConfigurations = (
				A70000000000000000000001 /* Debug */,
				A70000000000000000000002 /* Release */,
			);
			defaultConfigurationIsVisible = 0;
			defaultConfigurationName = Release;
		};
/* End XCConfigurationList section */

/* Begin XCRemoteSwiftPackageReference section */
		CECC4FC62F33D68F004AAD0D /* XCRemoteSwiftPackageReference "GoogleSignIn-iOS" */ = {
			isa = XCRemoteSwiftPackageReference;
			repositoryURL = "https://github.com/google/GoogleSignIn-iOS";
			requirement = {
				kind = upToNextMajorVersion;
				minimumVersion = 9.1.0;
			};
		};
		CEF1BF362F362B0D00DCB420 /* XCRemoteSwiftPackageReference "aws-sdk-swift" */ = {
			isa = XCRemoteSwiftPackageReference;
			repositoryURL = "https://github.com/awslabs/aws-sdk-swift";
			requirement = {
				kind = upToNextMajorVersion;
				minimumVersion = 1.6.49;
			};
		};
/* End XCRemoteSwiftPackageReference section */

/* Begin XCSwiftPackageProductDependency section */
		CECC4FC72F33D68F004AAD0D /* GoogleSignIn */ = {
			isa = XCSwiftPackageProductDependency;
			package = CECC4FC62F33D68F004AAD0D /* XCRemoteSwiftPackageReference "GoogleSignIn-iOS" */;
			productName = GoogleSignIn;
		};
		CECC4FC92F33D68F004AAD0D /* GoogleSignInSwift */ = {
			isa = XCSwiftPackageProductDependency;
			package = CECC4FC62F33D68F004AAD0D /* XCRemoteSwiftPackageReference "GoogleSignIn-iOS" */;
			productName = GoogleSignInSwift;
		};
		CEF1BF372F362B0D00DCB420 /* AWSTextract */ = {
			isa = XCSwiftPackageProductDependency;
			package = CEF1BF362F362B0D00DCB420 /* XCRemoteSwiftPackageReference "aws-sdk-swift" */;
			productName = AWSTextract;
		};
/* End XCSwiftPackageProductDependency section */
	};
	rootObject = A60000000000000000000001 /* Project object */;
}
